{
  "name": "non-ssr-svelte-source-component-tree",
  "lockfileVersion": 2,
  "requires": true,
  "packages": {
    "": {
      "devDependencies": {
        "svelte-particles": "^1.22.0",
        "svelte-tree": "^0.7.0"
      }
    },
    "node_modules/svelte": {
      "version": "3.46.2",
      "resolved": "https://registry.npmjs.org/svelte/-/svelte-3.46.2.tgz",
      "integrity": "sha512-RXSAtYNefe01Sb1lXtZ2I+gzn3t/h/59hoaRNeRrm8IkMIu6BSiAkbpi41xb+C44x54YKnbk9+dtfs3pM4hECA==",
      "dev": true,
      "peer": true,
      "engines": {
        "node": ">= 8"
      }
    },
    "node_modules/svelte-particles": {
      "version": "1.22.0",
      "resolved": "https://registry.npmjs.org/svelte-particles/-/svelte-particles-1.22.0.tgz",
      "integrity": "sha512-bNpGVFnILlExbFPGypcQArRhhP7Pz+3/fYOxD+MkslU0WOKPBhofNDH54RE7i1QRmJtq+NMbyXyyC0Ze+37+cA==",
      "dev": true,
      "dependencies": {
        "tslib": "^2.3.1",
        "tsparticles": "^1.39.0"
      },
      "funding": {
        "type": "github",
        "url": "https://github.com/sponsors/matteobruni"
      },
      "peerDependencies": {
        "svelte": ">=3"
      }
    },
    "node_modules/svelte-tree": {
      "version": "0.7.0",
      "resolved": "https://registry.npmjs.org/svelte-tree/-/svelte-tree-0.7.0.tgz",
      "integrity": "sha512-22YEdqHvqQ+2OJzFqBznn6QgvoT0DGQPU04Wij5PilWDs4bPpQTbKSaSCWVBwdeNxnfk8ZB7H9J/2s2TNCv+lw==",
      "dev": true
    },
    "node_modules/tslib": {
      "version": "2.3.1",
      "resolved": "https://registry.npmjs.org/tslib/-/tslib-2.3.1.tgz",
      "integrity": "sha512-77EbyPPpMz+FRFRuAFlWMtmgUWGe9UOG2Z25NqCwiIjRhOf5iKGuzSe5P2w1laq+FkRy4p+PCuVkJSGkzTEKVw==",
      "dev": true
    },
    "node_modules/tsparticles": {
      "version": "1.39.0",
      "resolved": "https://registry.npmjs.org/tsparticles/-/tsparticles-1.39.0.tgz",
      "integrity": "sha512-UeCY5YeUU2j7eyBPwQOAeIK+TeQQkaHNpRCGQ2axdOXEFt6lm3TffgzsLSsFciEn0TrugWhNf+nO1zliWKAYcQ==",
      "dev": true,
      "hasInstallScript": true,
      "funding": {
        "type": "github",
        "url": "https://github.com/sponsors/matteobruni"
      }
    }
  },
  "dependencies": {
    "svelte": {
      "version": "3.46.2",
      "resolved": "https://registry.npmjs.org/svelte/-/svelte-3.46.2.tgz",
      "integrity": "sha512-RXSAtYNefe01Sb1lXtZ2I+gzn3t/h/59hoaRNeRrm8IkMIu6BSiAkbpi41xb+C44x54YKnbk9+dtfs3pM4hECA==",
      "dev": true,
      "peer": true
    },
    "svelte-particles": {
      "version": "1.22.0",
      "resolved": "https://registry.npmjs.org/svelte-particles/-/svelte-particles-1.22.0.tgz",
      "integrity": "sha512-bNpGVFnILlExbFPGypcQArRhhP7Pz+3/fYOxD+MkslU0WOKPBhofNDH54RE7i1QRmJtq+NMbyXyyC0Ze+37+cA==",
      "dev": true,
      "requires": {
        "tslib": "^2.3.1",
        "tsparticles": "^1.39.0"
      }
    },
    "svelte-tree": {
      "version": "0.7.0",
      "resolved": "https://registry.npmjs.org/svelte-tree/-/svelte-tree-0.7.0.tgz",
      "integrity": "sha512-22YEdqHvqQ+2OJzFqBznn6QgvoT0DGQPU04Wij5PilWDs4bPpQTbKSaSCWVBwdeNxnfk8ZB7H9J/2s2TNCv+lw==",
      "dev": true
    },
    "tslib": {
      "version": "2.3.1",
      "resolved": "https://registry.npmjs.org/tslib/-/tslib-2.3.1.tgz",
      "integrity": "sha512-77EbyPPpMz+FRFRuAFlWMtmgUWGe9UOG2Z25NqCwiIjRhOf5iKGuzSe5P2w1laq+FkRy4p+PCuVkJSGkzTEKVw==",
      "dev": true
    },
    "tsparticles": {
      "version": "1.39.0",
      "resolved": "https://registry.npmjs.org/tsparticles/-/tsparticles-1.39.0.tgz",
      "integrity": "sha512-UeCY5YeUU2j7eyBPwQOAeIK+TeQQkaHNpRCGQ2axdOXEFt6lm3TffgzsLSsFciEn0TrugWhNf+nO1zliWKAYcQ==",
      "dev": true
    }
  }
}
