{
  "name": "non-ssr-svelte-source-component-boring-avatars",
  "lockfileVersion": 2,
  "requires": true,
  "packages": {
    "": {
      "dependencies": {
        "svelte-boring-avatars": "^1.2.2"
      }
    },
    "node_modules/svelte-boring-avatars": {
      "version": "1.2.2",
      "resolved": "https://registry.npmjs.org/svelte-boring-avatars/-/svelte-boring-avatars-1.2.2.tgz",
      "integrity": "sha512-0PH1az99Rrgbk1RROKpZnFjmZC6gMewqsK1XL6JMnTDhT69QksyhJlSvGw2fpGtjV6BynMuOstLIEp55hf+VLg=="
    }
  },
  "dependencies": {
    "svelte-boring-avatars": {
      "version": "1.2.2",
      "resolved": "https://registry.npmjs.org/svelte-boring-avatars/-/svelte-boring-avatars-1.2.2.tgz",
      "integrity": "sha512-0PH1az99Rrgbk1RROKpZnFjmZC6gMewqsK1XL6JMnTDhT69QksyhJlSvGw2fpGtjV6BynMuOstLIEp55hf+VLg=="
    }
  }
}
